
Microsoft Visual Studio Solution File, Format Version 12.00
# Visual Studio Version 17
VisualStudioVersion = 17.10.35122.118
MinimumVisualStudioVersion = 10.0.40219.1
Project("{FAE04EC0-301F-11D3-BF4B-00C04F79EFBC}") = "TraversalApiProject", "TraversalApiProject\TraversalApiProject.csproj", "{C774B745-8CCE-4383-8BDE-41C0C380CD8C}"
EndProject
Global
	GlobalSection(SolutionConfigurationPlatforms) = preSolution
		Debug|Any CPU = Debug|Any CPU
		Release|Any CPU = Release|Any CPU
	EndGlobalSection
	GlobalSection(ProjectConfigurationPlatforms) = postSolution
		{C774B745-8CCE-4383-8BDE-41C0C380CD8C}.Debug|Any CPU.ActiveCfg = Debug|Any CPU
		{C774B745-8CCE-4383-8BDE-41C0C380CD8C}.Debug|Any CPU.Build.0 = Debug|Any CPU
		{C774B745-8CCE-4383-8BDE-41C0C380CD8C}.Release|Any CPU.ActiveCfg = Release|Any CPU
		{C774B745-8CCE-4383-8BDE-41C0C380CD8C}.Release|Any CPU.Build.0 = Release|Any CPU
	EndGlobalSection
	GlobalSection(SolutionProperties) = preSolution
		HideSolutionNode = FALSE
	EndGlobalSection
	GlobalSection(ExtensibilityGlobals) = postSolution
		SolutionGuid = {03C4B07A-880E-4660-9268-5198411265F8}
	EndGlobalSection
EndGlobal
